
Microsoft Visual Studio Solution File, Format Version 12.00
# Visual Studio Version 16
VisualStudioVersion = 16.0.31702.278
MinimumVisualStudioVersion = 10.0.40219.1
Project("{FAE04EC0-301F-11D3-BF4B-00C04F79EFBC}") = "IvyWarehouseManagement", "IvyWarehouseManagement\IvyWarehouseManagement.csproj", "{171D2307-31C3-4BCE-A7FD-6E391F5F21D5}"
EndProject
Global
	GlobalSection(SolutionConfigurationPlatforms) = preSolution
		Debug|Any CPU = Debug|Any CPU
		Release|Any CPU = Release|Any CPU
	EndGlobalSection
	GlobalSection(ProjectConfigurationPlatforms) = postSolution
		{171D2307-31C3-4BCE-A7FD-6E391F5F21D5}.Debug|Any CPU.ActiveCfg = Debug|Any CPU
		{171D2307-31C3-4BCE-A7FD-6E391F5F21D5}.Debug|Any CPU.Build.0 = Debug|Any CPU
		{171D2307-31C3-4BCE-A7FD-6E391F5F21D5}.Release|Any CPU.ActiveCfg = Release|Any CPU
		{171D2307-31C3-4BCE-A7FD-6E391F5F21D5}.Release|Any CPU.Build.0 = Release|Any CPU
	EndGlobalSection
	GlobalSection(SolutionProperties) = preSolution
		HideSolutionNode = FALSE
	EndGlobalSection
	GlobalSection(ExtensibilityGlobals) = postSolution
		SolutionGuid = {3A85046C-33E2-4C98-A619-F4FDC58DB582}
	EndGlobalSection
EndGlobal
